
Microsoft Visual Studio Solution File, Format Version 12.00
# Visual Studio Version 16
VisualStudioVersion = 16.0.29123.88
MinimumVisualStudioVersion = 10.0.40219.1
Project("{FAE04EC0-301F-11D3-BF4B-00C04F79EFBC}") = "OWML.CrouchMod", "OWML.CrouchMod\OWML.CrouchMod.csproj", "{475176F0-2502-47CF-B926-29C349014EAD}"
EndProject
Global
	GlobalSection(SolutionConfigurationPlatforms) = preSolution
		Debug|Any CPU = Debug|Any CPU
		Release|Any CPU = Release|Any CPU
	EndGlobalSection
	GlobalSection(ProjectConfigurationPlatforms) = postSolution
		{475176F0-2502-47CF-B926-29C349014EAD}.Debug|Any CPU.ActiveCfg = Debug|Any CPU
		{475176F0-2502-47CF-B926-29C349014EAD}.Debug|Any CPU.Build.0 = Debug|Any CPU
		{475176F0-2502-47CF-B926-29C349014EAD}.Release|Any CPU.ActiveCfg = Release|Any CPU
		{475176F0-2502-47CF-B926-29C349014EAD}.Release|Any CPU.Build.0 = Release|Any CPU
	EndGlobalSection
	GlobalSection(SolutionProperties) = preSolution
		HideSolutionNode = FALSE
	EndGlobalSection
	GlobalSection(ExtensibilityGlobals) = postSolution
		SolutionGuid = {D0EE2A81-EE5D-451F-A1CA-521E2E2161F4}
	EndGlobalSection
EndGlobal
